
Microsoft Visual Studio Solution File, Format Version 12.00
# Visual Studio Version 17
VisualStudioVersion = 17.13.35825.156 d17.13
MinimumVisualStudioVersion = 10.0.40219.1
Project("{FAE04EC0-301F-11D3-BF4B-00C04F79EFBC}") = "AyupovCourseProject1", "AyupovCourseProject1\AyupovCourseProject1.csproj", "{1AB49173-154A-40B2-AC20-470E686CB414}"
EndProject
Global
	GlobalSection(SolutionConfigurationPlatforms) = preSolution
		Debug|Any CPU = Debug|Any CPU
		Release|Any CPU = Release|Any CPU
	EndGlobalSection
	GlobalSection(ProjectConfigurationPlatforms) = postSolution
		{1AB49173-154A-40B2-AC20-470E686CB414}.Debug|Any CPU.ActiveCfg = Debug|Any CPU
		{1AB49173-154A-40B2-AC20-470E686CB414}.Debug|Any CPU.Build.0 = Debug|Any CPU
		{1AB49173-154A-40B2-AC20-470E686CB414}.Release|Any CPU.ActiveCfg = Release|Any CPU
		{1AB49173-154A-40B2-AC20-470E686CB414}.Release|Any CPU.Build.0 = Release|Any CPU
	EndGlobalSection
	GlobalSection(SolutionProperties) = preSolution
		HideSolutionNode = FALSE
	EndGlobalSection
	GlobalSection(ExtensibilityGlobals) = postSolution
		SolutionGuid = {E62624AF-2D0B-42A8-B435-1D27E62001CC}
	EndGlobalSection
EndGlobal
